
Microsoft Visual Studio Solution File, Format Version 12.00
# Visual Studio 15
VisualStudioVersion = 15.0.28307.902
MinimumVisualStudioVersion = 10.0.40219.1
Project("{FAE04EC0-301F-11D3-BF4B-00C04F79EFBC}") = "InternalProcessCommunicationWithTCPDemo", "InternalProcessCommunicationWithTCPDemo\InternalProcessCommunicationWithTCPDemo.csproj", "{C1AE53F1-8FC4-475C-8321-5966A99C6573}"
EndProject
Project("{FAE04EC0-301F-11D3-BF4B-00C04F79EFBC}") = "IPCLib", "IPCLib\IPCLib.csproj", "{AD1033B5-7EFB-4E7F-B749-E520CBDC2F50}"
EndProject
Global
	GlobalSection(SolutionConfigurationPlatforms) = preSolution
		Debug|Any CPU = Debug|Any CPU
		Release|Any CPU = Release|Any CPU
	EndGlobalSection
	GlobalSection(ProjectConfigurationPlatforms) = postSolution
		{C1AE53F1-8FC4-475C-8321-5966A99C6573}.Debug|Any CPU.ActiveCfg = Debug|Any CPU
		{C1AE53F1-8FC4-475C-8321-5966A99C6573}.Debug|Any CPU.Build.0 = Debug|Any CPU
		{C1AE53F1-8FC4-475C-8321-5966A99C6573}.Release|Any CPU.ActiveCfg = Release|Any CPU
		{C1AE53F1-8FC4-475C-8321-5966A99C6573}.Release|Any CPU.Build.0 = Release|Any CPU
		{AD1033B5-7EFB-4E7F-B749-E520CBDC2F50}.Debug|Any CPU.ActiveCfg = Debug|Any CPU
		{AD1033B5-7EFB-4E7F-B749-E520CBDC2F50}.Debug|Any CPU.Build.0 = Debug|Any CPU
		{AD1033B5-7EFB-4E7F-B749-E520CBDC2F50}.Release|Any CPU.ActiveCfg = Release|Any CPU
		{AD1033B5-7EFB-4E7F-B749-E520CBDC2F50}.Release|Any CPU.Build.0 = Release|Any CPU
	EndGlobalSection
	GlobalSection(SolutionProperties) = preSolution
		HideSolutionNode = FALSE
	EndGlobalSection
	GlobalSection(ExtensibilityGlobals) = postSolution
		SolutionGuid = {2F6C84F4-2845-4456-B8AD-A0102A9B3880}
	EndGlobalSection
EndGlobal
